Microsoft Visual Studio Solution File, Format Version 12.00
# Visual Studio Version 17
VisualStudioVersion = 17.5.2.0
MinimumVisualStudioVersion = 10.0.40219.1
Project("{FAE04EC0-301F-11D3-BF4B-00C04F79EFBC}") = "aulasSemana3", "aulasSemana3.csproj", "{F3F60DE4-0ED4-3C1C-3928-496647AC99BC}"
EndProject
Global
	GlobalSection(SolutionConfigurationPlatforms) = preSolution
		Debug|Any CPU = Debug|Any CPU
		Release|Any CPU = Release|Any CPU
	EndGlobalSection
	GlobalSection(ProjectConfigurationPlatforms) = postSolution
		{F3F60DE4-0ED4-3C1C-3928-496647AC99BC}.Debug|Any CPU.ActiveCfg = Debug|Any CPU
		{F3F60DE4-0ED4-3C1C-3928-496647AC99BC}.Debug|Any CPU.Build.0 = Debug|Any CPU
		{F3F60DE4-0ED4-3C1C-3928-496647AC99BC}.Release|Any CPU.ActiveCfg = Release|Any CPU
		{F3F60DE4-0ED4-3C1C-3928-496647AC99BC}.Release|Any CPU.Build.0 = Release|Any CPU
	EndGlobalSection
	GlobalSection(SolutionProperties) = preSolution
		HideSolutionNode = FALSE
	EndGlobalSection
	GlobalSection(ExtensibilityGlobals) = postSolution
		SolutionGuid = {F1E88027-E5EA-400C-8A2F-39F8482B8EE9}
	EndGlobalSection
EndGlobal
